
Microsoft Visual Studio Solution File, Format Version 12.00
# Visual Studio Version 17
VisualStudioVersion = 17.3.32611.2
MinimumVisualStudioVersion = 10.0.40219.1
Project("{9A19103F-16F7-4668-BE54-9A1E7A4F7556}") = "TechAppLauncher", "TechAppLauncher\TechAppLauncher.csproj", "{82CCDC8F-A319-4542-BFE3-1D9BF1D71AB0}"
EndProject
Project("{54435603-DBB4-11D2-8724-00A0C9A8B90C}") = "TechAppLauncherSetup", "TechAppLauncherSetup\TechAppLauncherSetup.vdproj", "{B0D740EA-C2CE-43DE-999D-F6763EEA0D66}"
EndProject
Project("{FAE04EC0-301F-11D3-BF4B-00C04F79EFBC}") = "TechAppLauncher.Server", "TechAppLauncher.Server\TechAppLauncher.Server.csproj", "{5EDD218E-85D8-4F79-BE06-3E4C3EECC004}"
EndProject
Global
	GlobalSection(SolutionConfigurationPlatforms) = preSolution
		Debug|Any CPU = Debug|Any CPU
		Release|Any CPU = Release|Any CPU
	EndGlobalSection
	GlobalSection(ProjectConfigurationPlatforms) = postSolution
		{82CCDC8F-A319-4542-BFE3-1D9BF1D71AB0}.Debug|Any CPU.ActiveCfg = Debug|Any CPU
		{82CCDC8F-A319-4542-BFE3-1D9BF1D71AB0}.Debug|Any CPU.Build.0 = Debug|Any CPU
		{82CCDC8F-A319-4542-BFE3-1D9BF1D71AB0}.Release|Any CPU.ActiveCfg = Release|Any CPU
		{82CCDC8F-A319-4542-BFE3-1D9BF1D71AB0}.Release|Any CPU.Build.0 = Release|Any CPU
		{B0D740EA-C2CE-43DE-999D-F6763EEA0D66}.Debug|Any CPU.ActiveCfg = Debug
		{B0D740EA-C2CE-43DE-999D-F6763EEA0D66}.Release|Any CPU.ActiveCfg = Release
		{5EDD218E-85D8-4F79-BE06-3E4C3EECC004}.Debug|Any CPU.ActiveCfg = Debug|Any CPU
		{5EDD218E-85D8-4F79-BE06-3E4C3EECC004}.Debug|Any CPU.Build.0 = Debug|Any CPU
		{5EDD218E-85D8-4F79-BE06-3E4C3EECC004}.Release|Any CPU.ActiveCfg = Release|Any CPU
		{5EDD218E-85D8-4F79-BE06-3E4C3EECC004}.Release|Any CPU.Build.0 = Release|Any CPU
	EndGlobalSection
	GlobalSection(SolutionProperties) = preSolution
		HideSolutionNode = FALSE
	EndGlobalSection
	GlobalSection(ExtensibilityGlobals) = postSolution
		SolutionGuid = {34D99EF6-2AB5-456C-AD4E-5A264E070946}
	EndGlobalSection
EndGlobal
